// !$*UTF8*$!
{
	archiveVersion = 1;
	classes = {
	};
	objectVersion = 46;
	objects = {

/* Begin PBXBuildFile section */
		043CE06F1890E70A00280CDA /* Foundation.framework in Frameworks */ = {isa = PBXBuildFile; fileRef = 043CE06E1890E70A00280CDA /* Foundation.framework */; };
		043CE0711890E70A00280CDA /* CoreGraphics.framework in Frameworks */ = {isa = PBXBuildFile; fileRef = 043CE0701890E70A00280CDA /* CoreGraphics.framework */; };
		043CE0731890E70A00280CDA /* UIKit.framework in Frameworks */ = {isa = PBXBuildFile; fileRef = 043CE0721890E70A00280CDA /* UIKit.framework */; };
		043CE0791890E70A00280CDA /* InfoPlist.strings in Resources */ = {isa = PBXBuildFile; fileRef = 043CE0771890E70A00280CDA /* InfoPlist.strings */; };
		043CE07B1890E70A00280CDA /* main.m in Sources */ = {isa = PBXBuildFile; fileRef = 043CE07A1890E70A00280CDA /* main.m */; };
		043CE07F1890E70A00280CDA /* AppDelegate.m in Sources */ = {isa = PBXBuildFile; fileRef = 043CE07E1890E70A00280CDA /* AppDelegate.m */; };
		043CE0811890E70A00280CDA /* Images.xcassets in Resources */ = {isa = PBXBuildFile; fileRef = 043CE0801890E70A00280CDA /* Images.xcassets */; };
		043CE0881890E70A00280CDA /* XCTest.framework in Frameworks */ = {isa = PBXBuildFile; fileRef = 043CE0871890E70A00280CDA /* XCTest.framework */; };
		043CE0891890E70A00280CDA /* Foundation.framework in Frameworks */ = {isa = PBXBuildFile; fileRef = 043CE06E1890E70A00280CDA /* Foundation.framework */; };
		043CE08A1890E70A00280CDA /* UIKit.framework in Frameworks */ = {isa = PBXBuildFile; fileRef = 043CE0721890E70A00280CDA /* UIKit.framework */; };
		043CE0921890E70A00280CDA /* InfoPlist.strings in Resources */ = {isa = PBXBuildFile; fileRef = 043CE0901890E70A00280CDA /* InfoPlist.strings */; };
		043CE0941890E70A00280CDA /* tabTests.m in Sources */ = {isa = PBXBuildFile; fileRef = 043CE0931890E70A00280CDA /* tabTests.m */; };
		043CE0A21890E74000280CDA /* VCAll.m in Sources */ = {isa = PBXBuildFile; fileRef = 043CE0A01890E74000280CDA /* VCAll.m */; };
		043CE0A31890E74000280CDA /* VCAll.xib in Resources */ = {isa = PBXBuildFile; fileRef = 043CE0A11890E74000280CDA /* VCAll.xib */; };
		043CE0A71890E75100280CDA /* VCFav.m in Sources */ = {isa = PBXBuildFile; fileRef = 043CE0A51890E75100280CDA /* VCFav.m */; };
		043CE0A81890E75100280CDA /* VCFav.xib in Resources */ = {isa = PBXBuildFile; fileRef = 043CE0A61890E75100280CDA /* VCFav.xib */; };
		043CE0AC1890E77800280CDA /* VCGet.m in Sources */ = {isa = PBXBuildFile; fileRef = 043CE0AA1890E77800280CDA /* VCGet.m */; };
		043CE0AD1890E77800280CDA /* VCGet.xib in Resources */ = {isa = PBXBuildFile; fileRef = 043CE0AB1890E77800280CDA /* VCGet.xib */; };
		043CE0B11890E78400280CDA /* VCNav.m in Sources */ = {isa = PBXBuildFile; fileRef = 043CE0AF1890E78400280CDA /* VCNav.m */; };
		043CE0B21890E78400280CDA /* VCNav.xib in Resources */ = {isa = PBXBuildFile; fileRef = 043CE0B01890E78400280CDA /* VCNav.xib */; };
		043CE0B61890E79100280CDA /* VCTab.m in Sources */ = {isa = PBXBuildFile; fileRef = 043CE0B41890E79100280CDA /* VCTab.m */; };
		043CE0B71890E79100280CDA /* VCTab.xib in Resources */ = {isa = PBXBuildFile; fileRef = 043CE0B51890E79100280CDA /* VCTab.xib */; };
/* End PBXBuildFile section */

/* Begin PBXContainerItemProxy section */
		043CE08B1890E70A00280CDA /* PBXContainerItemProxy */ = {
			isa = PBXContainerItemProxy;
			containerPortal = 043CE0631890E70A00280CDA /* Project object */;
			proxyType = 1;
			remoteGlobalIDString = 043CE06A1890E70A00280CDA;
			remoteInfo = tab;
		};
/* End PBXContainerItemProxy section */

/* Begin PBXFileReference section */
		043CE06B1890E70A00280CDA /* tab.app */ = {isa = PBXFileReference; explicitFileType = wrapper.application; includeInIndex = 0; path = tab.app; sourceTree = BUILT_PRODUCTS_DIR; };
		043CE06E1890E70A00280CDA /* Foundation.framework */ = {isa = PBXFileReference; lastKnownFileType = wrapper.framework; name = Foundation.framework; path = System/Library/Frameworks/Foundation.framework; sourceTree = SDKROOT; };
		043CE0701890E70A00280CDA /* CoreGraphics.framework */ = {isa = PBXFileReference; lastKnownFileType = wrapper.framework; name = CoreGraphics.framework; path = System/Library/Frameworks/CoreGraphics.framework; sourceTree = SDKROOT; };
		043CE0721890E70A00280CDA /* UIKit.framework */ = {isa = PBXFileReference; lastKnownFileType = wrapper.framework; name = UIKit.framework; path = System/Library/Frameworks/UIKit.framework; sourceTree = SDKROOT; };
		043CE0761890E70A00280CDA /* tab-Info.plist */ = {isa = PBXFileReference; lastKnownFileType = text.plist.xml; path = "tab-Info.plist"; sourceTree = "<group>"; };
		043CE0781890E70A00280CDA /* en */ = {isa = PBXFileReference; lastKnownFileType = text.plist.strings; name = en; path = en.lproj/InfoPlist.strings; sourceTree = "<group>"; };
		043CE07A1890E70A00280CDA /* main.m */ = {isa = PBXFileReference; lastKnownFileType = sourcecode.c.objc; path = main.m; sourceTree = "<group>"; };
		043CE07C1890E70A00280CDA /* tab-Prefix.pch */ = {isa = PBXFileReference; lastKnownFileType = sourcecode.c.h; path = "tab-Prefix.pch"; sourceTree = "<group>"; };
		043CE07D1890E70A00280CDA /* AppDelegate.h */ = {isa = PBXFileReference; lastKnownFileType = sourcecode.c.h; path = AppDelegate.h; sourceTree = "<group>"; };
		043CE07E1890E70A00280CDA /* AppDelegate.m */ = {isa = PBXFileReference; lastKnownFileType = sourcecode.c.objc; path = AppDelegate.m; sourceTree = "<group>"; };
		043CE0801890E70A00280CDA /* Images.xcassets */ = {isa = PBXFileReference; lastKnownFileType = folder.assetcatalog; path = Images.xcassets; sourceTree = "<group>"; };
		043CE0861890E70A00280CDA /* tabTests.xctest */ = {isa = PBXFileReference; explicitFileType = wrapper.cfbundle; includeInIndex = 0; path = tabTests.xctest; sourceTree = BUILT_PRODUCTS_DIR; };
		043CE0871890E70A00280CDA /* XCTest.framework */ = {isa = PBXFileReference; lastKnownFileType = wrapper.framework; name = XCTest.framework; path = Library/Frameworks/XCTest.framework; sourceTree = DEVELOPER_DIR; };
		043CE08F1890E70A00280CDA /* tabTests-Info.plist */ = {isa = PBXFileReference; lastKnownFileType = text.plist.xml; path = "tabTests-Info.plist"; sourceTree = "<group>"; };
		043CE0911890E70A00280CDA /* en */ = {isa = PBXFileReference; lastKnownFileType = text.plist.strings; name = en; path = en.lproj/InfoPlist.strings; sourceTree = "<group>"; };
		043CE0931890E70A00280CDA /* tabTests.m */ = {isa = PBXFileReference; lastKnownFileType = sourcecode.c.objc; path = tabTests.m; sourceTree = "<group>"; };
		043CE09F1890E74000280CDA /* VCAll.h */ = {isa = PBXFileReference; fileEncoding = 4; lastKnownFileType = sourcecode.c.h; name = VCAll.h; path = ViewControllers/VCAll.h; sourceTree = "<group>"; };
		043CE0A01890E74000280CDA /* VCAll.m */ = {isa = PBXFileReference; fileEncoding = 4; lastKnownFileType = sourcecode.c.objc; name = VCAll.m; path = ViewControllers/VCAll.m; sourceTree = "<group>"; };
		043CE0A11890E74000280CDA /* VCAll.xib */ = {isa = PBXFileReference; fileEncoding = 4; lastKnownFileType = file.xib; name = VCAll.xib; path = ViewControllers/VCAll.xib; sourceTree = "<group>"; };
		043CE0A41890E75100280CDA /* VCFav.h */ = {isa = PBXFileReference; fileEncoding = 4; lastKnownFileType = sourcecode.c.h; name = VCFav.h; path = ViewControllers/VCFav.h; sourceTree = "<group>"; };
		043CE0A51890E75100280CDA /* VCFav.m */ = {isa = PBXFileReference; fileEncoding = 4; lastKnownFileType = sourcecode.c.objc; name = VCFav.m; path = ViewControllers/VCFav.m; sourceTree = "<group>"; };
		043CE0A61890E75100280CDA /* VCFav.xib */ = {isa = PBXFileReference; fileEncoding = 4; lastKnownFileType = file.xib; name = VCFav.xib; path = ViewControllers/VCFav.xib; sourceTree = "<group>"; };
		043CE0A91890E77800280CDA /* VCGet.h */ = {isa = PBXFileReference; fileEncoding = 4; lastKnownFileType = sourcecode.c.h; name = VCGet.h; path = ViewControllers/VCGet.h; sourceTree = "<group>"; };
		043CE0AA1890E77800280CDA /* VCGet.m */ = {isa = PBXFileReference; fileEncoding = 4; lastKnownFileType = sourcecode.c.objc; name = VCGet.m; path = ViewControllers/VCGet.m; sourceTree = "<group>"; };
		043CE0AB1890E77800280CDA /* VCGet.xib */ = {isa = PBXFileReference; fileEncoding = 4; lastKnownFileType = file.xib; name = VCGet.xib; path = ViewControllers/VCGet.xib; sourceTree = "<group>"; };
		043CE0AE1890E78400280CDA /* VCNav.h */ = {isa = PBXFileReference; fileEncoding = 4; lastKnownFileType = sourcecode.c.h; name = VCNav.h; path = ViewControllers/VCNav.h; sourceTree = "<group>"; };
		043CE0AF1890E78400280CDA /* VCNav.m */ = {isa = PBXFileReference; fileEncoding = 4; lastKnownFileType = sourcecode.c.objc; name = VCNav.m; path = ViewControllers/VCNav.m; sourceTree = "<group>"; };
		043CE0B01890E78400280CDA /* VCNav.xib */ = {isa = PBXFileReference; fileEncoding = 4; lastKnownFileType = file.xib; name = VCNav.xib; path = ViewControllers/VCNav.xib; sourceTree = "<group>"; };
		043CE0B31890E79100280CDA /* VCTab.h */ = {isa = PBXFileReference; fileEncoding = 4; lastKnownFileType = sourcecode.c.h; name = VCTab.h; path = ViewControllers/VCTab.h; sourceTree = "<group>"; };
		043CE0B41890E79100280CDA /* VCTab.m */ = {isa = PBXFileReference; fileEncoding = 4; lastKnownFileType = sourcecode.c.objc; name = VCTab.m; path = ViewControllers/VCTab.m; sourceTree = "<group>"; };
		043CE0B51890E79100280CDA /* VCTab.xib */ = {isa = PBXFileReference; fileEncoding = 4; lastKnownFileType = file.xib; name = VCTab.xib; path = ViewControllers/VCTab.xib; sourceTree = "<group>"; };
/* End PBXFileReference section */

/* Begin PBXFrameworksBuildPhase section */
		043CE0681890E70A00280CDA /* Frameworks */ = {
			isa = PBXFrameworksBuildPhase;
			buildActionMask = 2147483647;
			files = (
				043CE0711890E70A00280CDA /* CoreGraphics.framework in Frameworks */,
				043CE0731890E70A00280CDA /* UIKit.framework in Frameworks */,
				043CE06F1890E70A00280CDA /* Foundation.framework in Frameworks */,
			);
			runOnlyForDeploymentPostprocessing = 0;
		};
		043CE0831890E70A00280CDA /* Frameworks */ = {
			isa = PBXFrameworksBuildPhase;
			buildActionMask = 2147483647;
			files = (
				043CE0881890E70A00280CDA /* XCTest.framework in Frameworks */,
				043CE08A1890E70A00280CDA /* UIKit.framework in Frameworks */,
				043CE0891890E70A00280CDA /* Foundation.framework in Frameworks */,
			);
			runOnlyForDeploymentPostprocessing = 0;
		};
/* End PBXFrameworksBuildPhase section */

/* Begin PBXGroup section */
		043CE0621890E70A00280CDA = {
			isa = PBXGroup;
			children = (
				043CE0741890E70A00280CDA /* tab */,
				043CE08D1890E70A00280CDA /* tabTests */,
				043CE06D1890E70A00280CDA /* Frameworks */,
				043CE06C1890E70A00280CDA /* Products */,
			);
			sourceTree = "<group>";
		};
		043CE06C1890E70A00280CDA /* Products */ = {
			isa = PBXGroup;
			children = (
				043CE06B1890E70A00280CDA /* tab.app */,
				043CE0861890E70A00280CDA /* tabTests.xctest */,
			);
			name = Products;
			sourceTree = "<group>";
		};
		043CE06D1890E70A00280CDA /* Frameworks */ = {
			isa = PBXGroup;
			children = (
				043CE06E1890E70A00280CDA /* Foundation.framework */,
				043CE0701890E70A00280CDA /* CoreGraphics.framework */,
				043CE0721890E70A00280CDA /* UIKit.framework */,
				043CE0871890E70A00280CDA /* XCTest.framework */,
			);
			name = Frameworks;
			sourceTree = "<group>";
		};
		043CE0741890E70A00280CDA /* tab */ = {
			isa = PBXGroup;
			children = (
				043CE09E1890E72500280CDA /* ViewControllers */,
				043CE09D1890E72000280CDA /* Classes */,
				043CE07D1890E70A00280CDA /* AppDelegate.h */,
				043CE07E1890E70A00280CDA /* AppDelegate.m */,
				043CE0801890E70A00280CDA /* Images.xcassets */,
				043CE0751890E70A00280CDA /* Supporting Files */,
			);
			path = tab;
			sourceTree = "<group>";
		};
		043CE0751890E70A00280CDA /* Supporting Files */ = {
			isa = PBXGroup;
			children = (
				043CE0761890E70A00280CDA /* tab-Info.plist */,
				043CE0771890E70A00280CDA /* InfoPlist.strings */,
				043CE07A1890E70A00280CDA /* main.m */,
				043CE07C1890E70A00280CDA /* tab-Prefix.pch */,
			);
			name = "Supporting Files";
			sourceTree = "<group>";
		};
		043CE08D1890E70A00280CDA /* tabTests */ = {
			isa = PBXGroup;
			children = (
				043CE0931890E70A00280CDA /* tabTests.m */,
				043CE08E1890E70A00280CDA /* Supporting Files */,
			);
			path = tabTests;
			sourceTree = "<group>";
		};
		043CE08E1890E70A00280CDA /* Supporting Files */ = {
			isa = PBXGroup;
			children = (
				043CE08F1890E70A00280CDA /* tabTests-Info.plist */,
				043CE0901890E70A00280CDA /* InfoPlist.strings */,
			);
			name = "Supporting Files";
			sourceTree = "<group>";
		};
		043CE09D1890E72000280CDA /* Classes */ = {
			isa = PBXGroup;
			children = (
			);
			name = Classes;
			sourceTree = "<group>";
		};
		043CE09E1890E72500280CDA /* ViewControllers */ = {
			isa = PBXGroup;
			children = (
				043CE09F1890E74000280CDA /* VCAll.h */,
				043CE0A01890E74000280CDA /* VCAll.m */,
				043CE0A11890E74000280CDA /* VCAll.xib */,
				043CE0A41890E75100280CDA /* VCFav.h */,
				043CE0A51890E75100280CDA /* VCFav.m */,
				043CE0A61890E75100280CDA /* VCFav.xib */,
				043CE0A91890E77800280CDA /* VCGet.h */,
				043CE0AA1890E77800280CDA /* VCGet.m */,
				043CE0AB1890E77800280CDA /* VCGet.xib */,
				043CE0AE1890E78400280CDA /* VCNav.h */,
				043CE0AF1890E78400280CDA /* VCNav.m */,
				043CE0B01890E78400280CDA /* VCNav.xib */,
				043CE0B31890E79100280CDA /* VCTab.h */,
				043CE0B41890E79100280CDA /* VCTab.m */,
				043CE0B51890E79100280CDA /* VCTab.xib */,
			);
			name = ViewControllers;
			sourceTree = "<group>";
		};
/* End PBXGroup section */

/* Begin PBXNativeTarget section */
		043CE06A1890E70A00280CDA /* tab */ = {
			isa = PBXNativeTarget;
			buildConfigurationList = 043CE0971890E70A00280CDA /* Build configuration list for PBXNativeTarget "tab" */;
			buildPhases = (
				043CE0671890E70A00280CDA /* Sources */,
				043CE0681890E70A00280CDA /* Frameworks */,
				043CE0691890E70A00280CDA /* Resources */,
			);
			buildRules = (
			);
			dependencies = (
			);
			name = tab;
			productName = tab;
			productReference = 043CE06B1890E70A00280CDA /* tab.app */;
			productType = "com.apple.product-type.application";
		};
		043CE0851890E70A00280CDA /* tabTests */ = {
			isa = PBXNativeTarget;
			buildConfigurationList = 043CE09A1890E70A00280CDA /* Build configuration list for PBXNativeTarget "tabTests" */;
			buildPhases = (
				043CE0821890E70A00280CDA /* Sources */,
				043CE0831890E70A00280CDA /* Frameworks */,
				043CE0841890E70A00280CDA /* Resources */,
			);
			buildRules = (
			);
			dependencies = (
				043CE08C1890E70A00280CDA /* PBXTargetDependency */,
			);
			name = tabTests;
			productName = tabTests;
			productReference = 043CE0861890E70A00280CDA /* tabTests.xctest */;
			productType = "com.apple.product-type.bundle.unit-test";
		};
/* End PBXNativeTarget section */

/* Begin PBXProject section */
		043CE0631890E70A00280CDA /* Project object */ = {
			isa = PBXProject;
			attributes = {
				LastUpgradeCheck = 0500;
				ORGANIZATIONNAME = e;
				TargetAttributes = {
					043CE0851890E70A00280CDA = {
						TestTargetID = 043CE06A1890E70A00280CDA;
					};
				};
			};
			buildConfigurationList = 043CE0661890E70A00280CDA /* Build configuration list for PBXProject "tab" */;
			compatibilityVersion = "Xcode 3.2";
			developmentRegion = English;
			hasScannedForEncodings = 0;
			knownRegions = (
				en,
			);
			mainGroup = 043CE0621890E70A00280CDA;
			productRefGroup = 043CE06C1890E70A00280CDA /* Products */;
			projectDirPath = "";
			projectRoot = "";
			targets = (
				043CE06A1890E70A00280CDA /* tab */,
				043CE0851890E70A00280CDA /* tabTests */,
			);
		};
/* End PBXProject section */

/* Begin PBXResourcesBuildPhase section */
		043CE0691890E70A00280CDA /* Resources */ = {
			isa = PBXResourcesBuildPhase;
			buildActionMask = 2147483647;
			files = (
				043CE0B21890E78400280CDA /* VCNav.xib in Resources */,
				043CE0A81890E75100280CDA /* VCFav.xib in Resources */,
				043CE0A31890E74000280CDA /* VCAll.xib in Resources */,
				043CE0AD1890E77800280CDA /* VCGet.xib in Resources */,
				043CE0791890E70A00280CDA /* InfoPlist.strings in Resources */,
				043CE0811890E70A00280CDA /* Images.xcassets in Resources */,
				043CE0B71890E79100280CDA /* VCTab.xib in Resources */,
			);
			runOnlyForDeploymentPostprocessing = 0;
		};
		043CE0841890E70A00280CDA /* Resources */ = {
			isa = PBXResourcesBuildPhase;
			buildActionMask = 2147483647;
			files = (
				043CE0921890E70A00280CDA /* InfoPlist.strings in Resources */,
			);
			runOnlyForDeploymentPostprocessing = 0;
		};
/* End PBXResourcesBuildPhase section */

/* Begin PBXSourcesBuildPhase section */
		043CE0671890E70A00280CDA /* Sources */ = {
			isa = PBXSourcesBuildPhase;
			buildActionMask = 2147483647;
			files = (
				043CE0B11890E78400280CDA /* VCNav.m in Sources */,
				043CE0A71890E75100280CDA /* VCFav.m in Sources */,
				043CE0A21890E74000280CDA /* VCAll.m in Sources */,
				043CE07F1890E70A00280CDA /* AppDelegate.m in Sources */,
				043CE0AC1890E77800280CDA /* VCGet.m in Sources */,
				043CE0B61890E79100280CDA /* VCTab.m in Sources */,
				043CE07B1890E70A00280CDA /* main.m in Sources */,
			);
			runOnlyForDeploymentPostprocessing = 0;
		};
		043CE0821890E70A00280CDA /* Sources */ = {
			isa = PBXSourcesBuildPhase;
			buildActionMask = 2147483647;
			files = (
				043CE0941890E70A00280CDA /* tabTests.m in Sources */,
			);
			runOnlyForDeploymentPostprocessing = 0;
		};
/* End PBXSourcesBuildPhase section */

/* Begin PBXTargetDependency section */
		043CE08C1890E70A00280CDA /* PBXTargetDependency */ = {
			isa = PBXTargetDependency;
			target = 043CE06A1890E70A00280CDA /* tab */;
			targetProxy = 043CE08B1890E70A00280CDA /* PBXContainerItemProxy */;
		};
/* End PBXTargetDependency section */

/* Begin PBXVariantGroup section */
		043CE0771890E70A00280CDA /* InfoPlist.strings */ = {
			isa = PBXVariantGroup;
			children = (
				043CE0781890E70A00280CDA /* en */,
			);
			name = InfoPlist.strings;
			sourceTree = "<group>";
		};
		043CE0901890E70A00280CDA /* InfoPlist.strings */ = {
			isa = PBXVariantGroup;
			children = (
				043CE0911890E70A00280CDA /* en */,
			);
			name = InfoPlist.strings;
			sourceTree = "<group>";
		};
/* End PBXVariantGroup section */

/* Begin XCBuildConfiguration section */
		043CE0951890E70A00280CDA /* Debug */ = {
			isa = XCBuildConfiguration;
			buildSettings = {
				ALWAYS_SEARCH_USER_PATHS = NO;
				ARCHS = "$(ARCHS_STANDARD_INCLUDING_64_BIT)";
				CLANG_CXX_LANGUAGE_STANDARD = "gnu++0x";
				CLANG_CXX_LIBRARY = "libc++";
				CLANG_ENABLE_MODULES = YES;
				CLANG_ENABLE_OBJC_ARC = YES;
				CLANG_WARN_BOOL_CONVERSION = YES;
				CLANG_WARN_CONSTANT_CONVERSION = YES;
				CLANG_WARN_DIRECT_OBJC_ISA_USAGE = YES_ERROR;
				CLANG_WARN_EMPTY_BODY = YES;
				CLANG_WARN_ENUM_CONVERSION = YES;
				CLANG_WARN_INT_CONVERSION = YES;
				CLANG_WARN_OBJC_ROOT_CLASS = YES_ERROR;
				CLANG_WARN__DUPLICATE_METHOD_MATCH = YES;
				"CODE_SIGN_IDENTITY[sdk=iphoneos*]" = "iPhone Developer";
				COPY_PHASE_STRIP = NO;
				GCC_C_LANGUAGE_STANDARD = gnu99;
				GCC_DYNAMIC_NO_PIC = NO;
				GCC_OPTIMIZATION_LEVEL = 0;
				GCC_PREPROCESSOR_DEFINITIONS = (
					"DEBUG=1",
					"$(inherited)",
				);
				GCC_SYMBOLS_PRIVATE_EXTERN = NO;
				GCC_WARN_64_TO_32_BIT_CONVERSION = YES;
				GCC_WARN_ABOUT_RETURN_TYPE = YES_ERROR;
				GCC_WARN_UNDECLARED_SELECTOR = YES;
				GCC_WARN_UNINITIALIZED_AUTOS = YES;
				GCC_WARN_UNUSED_FUNCTION = YES;
				GCC_WARN_UNUSED_VARIABLE = YES;
				IPHONEOS_DEPLOYMENT_TARGET = 7.0;
				ONLY_ACTIVE_ARCH = YES;
				SDKROOT = iphoneos;
				TARGETED_DEVICE_FAMILY = "1,2";
			};
			name = Debug;
		};
		043CE0961890E70A00280CDA /* Release */ = {
			isa = XCBuildConfiguration;
			buildSettings = {
				ALWAYS_SEARCH_USER_PATHS = NO;
				ARCHS = "$(ARCHS_STANDARD_INCLUDING_64_BIT)";
				CLANG_CXX_LANGUAGE_STANDARD = "gnu++0x";
				CLANG_CXX_LIBRARY = "libc++";
				CLANG_ENABLE_MODULES = YES;
				CLANG_ENABLE_OBJC_ARC = YES;
				CLANG_WARN_BOOL_CONVERSION = YES;
				CLANG_WARN_CONSTANT_CONVERSION = YES;
				CLANG_WARN_DIRECT_OBJC_ISA_USAGE = YES_ERROR;
				CLANG_WARN_EMPTY_BODY = YES;
				CLANG_WARN_ENUM_CONVERSION = YES;
				CLANG_WARN_INT_CONVERSION = YES;
				CLANG_WARN_OBJC_ROOT_CLASS = YES_ERROR;
				CLANG_WARN__DUPLICATE_METHOD_MATCH = YES;
				"CODE_SIGN_IDENTITY[sdk=iphoneos*]" = "iPhone Developer";
				COPY_PHASE_STRIP = YES;
				ENABLE_NS_ASSERTIONS = NO;
				GCC_C_LANGUAGE_STANDARD = gnu99;
				GCC_WARN_64_TO_32_BIT_CONVERSION = YES;
				GCC_WARN_ABOUT_RETURN_TYPE = YES_ERROR;
				GCC_WARN_UNDECLARED_SELECTOR = YES;
				GCC_WARN_UNINITIALIZED_AUTOS = YES;
				GCC_WARN_UNUSED_FUNCTION = YES;
				GCC_WARN_UNUSED_VARIABLE = YES;
				IPHONEOS_DEPLOYMENT_TARGET = 7.0;
				SDKROOT = iphoneos;
				TARGETED_DEVICE_FAMILY = "1,2";
				VALIDATE_PRODUCT = YES;
			};
			name = Release;
		};
		043CE0981890E70A00280CDA /* Debug */ = {
			isa = XCBuildConfiguration;
			buildSettings = {
				ASSETCATALOG_COMPILER_APPICON_NAME = AppIcon;
				ASSETCATALOG_COMPILER_LAUNCHIMAGE_NAME = LaunchImage;
				GCC_PRECOMPILE_PREFIX_HEADER = YES;
				GCC_PREFIX_HEADER = "tab/tab-Prefix.pch";
				INFOPLIST_FILE = "tab/tab-Info.plist";
				IPHONEOS_DEPLOYMENT_TARGET = 6.0;
				PRODUCT_NAME = "$(TARGET_NAME)";
				WRAPPER_EXTENSION = app;
			};
			name = Debug;
		};
		043CE0991890E70A00280CDA /* Release */ = {
			isa = XCBuildConfiguration;
			buildSettings = {
				ASSETCATALOG_COMPILER_APPICON_NAME = AppIcon;
				ASSETCATALOG_COMPILER_LAUNCHIMAGE_NAME = LaunchImage;
				GCC_PRECOMPILE_PREFIX_HEADER = YES;
				GCC_PREFIX_HEADER = "tab/tab-Prefix.pch";
				INFOPLIST_FILE = "tab/tab-Info.plist";
				IPHONEOS_DEPLOYMENT_TARGET = 6.0;
				PRODUCT_NAME = "$(TARGET_NAME)";
				WRAPPER_EXTENSION = app;
			};
			name = Release;
		};
		043CE09B1890E70A00280CDA /* Debug */ = {
			isa = XCBuildConfiguration;
			buildSettings = {
				ARCHS = "$(ARCHS_STANDARD_INCLUDING_64_BIT)";
				BUNDLE_LOADER = "$(BUILT_PRODUCTS_DIR)/tab.app/tab";
				FRAMEWORK_SEARCH_PATHS = (
					"$(SDKROOT)/Developer/Library/Frameworks",
					"$(inherited)",
					"$(DEVELOPER_FRAMEWORKS_DIR)",
				);
				GCC_PRECOMPILE_PREFIX_HEADER = YES;
				GCC_PREFIX_HEADER = "tab/tab-Prefix.pch";
				GCC_PREPROCESSOR_DEFINITIONS = (
					"DEBUG=1",
					"$(inherited)",
				);
				INFOPLIST_FILE = "tabTests/tabTests-Info.plist";
				PRODUCT_NAME = "$(TARGET_NAME)";
				TEST_HOST = "$(BUNDLE_LOADER)";
				WRAPPER_EXTENSION = xctest;
			};
			name = Debug;
		};
		043CE09C1890E70A00280CDA /* Release */ = {
			isa = XCBuildConfiguration;
			buildSettings = {
				ARCHS = "$(ARCHS_STANDARD_INCLUDING_64_BIT)";
				BUNDLE_LOADER = "$(BUILT_PRODUCTS_DIR)/tab.app/tab";
				FRAMEWORK_SEARCH_PATHS = (
					"$(SDKROOT)/Developer/Library/Frameworks",
					"$(inherited)",
					"$(DEVELOPER_FRAMEWORKS_DIR)",
				);
				GCC_PRECOMPILE_PREFIX_HEADER = YES;
				GCC_PREFIX_HEADER = "tab/tab-Prefix.pch";
				INFOPLIST_FILE = "tabTests/tabTests-Info.plist";
				PRODUCT_NAME = "$(TARGET_NAME)";
				TEST_HOST = "$(BUNDLE_LOADER)";
				WRAPPER_EXTENSION = xctest;
			};
			name = Release;
		};
/* End XCBuildConfiguration section */

/* Begin XCConfigurationList section */
		043CE0661890E70A00280CDA /* Build configuration list for PBXProject "tab" */ = {
			isa = XCConfigurationList;
			buildConfigurations = (
				043CE0951890E70A00280CDA /* Debug */,
				043CE0961890E70A00280CDA /* Release */,
			);
			defaultConfigurationIsVisible = 0;
			defaultConfigurationName = Release;
		};
		043CE0971890E70A00280CDA /* Build configuration list for PBXNativeTarget "tab" */ = {
			isa = XCConfigurationList;
			buildConfigurations = (
				043CE0981890E70A00280CDA /* Debug */,
				043CE0991890E70A00280CDA /* Release */,
			);
			defaultConfigurationIsVisible = 0;
		};
		043CE09A1890E70A00280CDA /* Build configuration list for PBXNativeTarget "tabTests" */ = {
			isa = XCConfigurationList;
			buildConfigurations = (
				043CE09B1890E70A00280CDA /* Debug */,
				043CE09C1890E70A00280CDA /* Release */,
			);
			defaultConfigurationIsVisible = 0;
		};
/* End XCConfigurationList section */
	};
	rootObject = 043CE0631890E70A00280CDA /* Project object */;
}
